
Microsoft Visual Studio Solution File, Format Version 12.00
# Visual Studio Version 17
VisualStudioVersion = 17.10.35122.118
MinimumVisualStudioVersion = 10.0.40219.1
Project("{FAE04EC0-301F-11D3-BF4B-00C04F79EFBC}") = "Mortgage_Calculator", "Mortgage_Calculator\Mortgage_Calculator.csproj", "{D48FB844-D14F-43FB-B37E-96B8E2A6C6B7}"
EndProject
Project("{FAE04EC0-301F-11D3-BF4B-00C04F79EFBC}") = "MortgageCalculatorTest", "MortgageCalculatorTest\MortgageCalculatorTest.csproj", "{381166D8-7047-4790-80D2-66669BFCCE6F}"
EndProject
Project("{FAE04EC0-301F-11D3-BF4B-00C04F79EFBC}") = "MortgageCalculatorApp", "MortgageCalculatorApp\MortgageCalculatorApp.csproj", "{6BF926A4-4872-4FBB-B29A-FB79C33F37C8}"
EndProject
Global
	GlobalSection(SolutionConfigurationPlatforms) = preSolution
		Debug|Any CPU = Debug|Any CPU
		Release|Any CPU = Release|Any CPU
	EndGlobalSection
	GlobalSection(ProjectConfigurationPlatforms) = postSolution
		{D48FB844-D14F-43FB-B37E-96B8E2A6C6B7}.Debug|Any CPU.ActiveCfg = Debug|Any CPU
		{D48FB844-D14F-43FB-B37E-96B8E2A6C6B7}.Debug|Any CPU.Build.0 = Debug|Any CPU
		{D48FB844-D14F-43FB-B37E-96B8E2A6C6B7}.Release|Any CPU.ActiveCfg = Release|Any CPU
		{D48FB844-D14F-43FB-B37E-96B8E2A6C6B7}.Release|Any CPU.Build.0 = Release|Any CPU
		{381166D8-7047-4790-80D2-66669BFCCE6F}.Debug|Any CPU.ActiveCfg = Debug|Any CPU
		{381166D8-7047-4790-80D2-66669BFCCE6F}.Debug|Any CPU.Build.0 = Debug|Any CPU
		{381166D8-7047-4790-80D2-66669BFCCE6F}.Release|Any CPU.ActiveCfg = Release|Any CPU
		{381166D8-7047-4790-80D2-66669BFCCE6F}.Release|Any CPU.Build.0 = Release|Any CPU
		{6BF926A4-4872-4FBB-B29A-FB79C33F37C8}.Debug|Any CPU.ActiveCfg = Debug|Any CPU
		{6BF926A4-4872-4FBB-B29A-FB79C33F37C8}.Debug|Any CPU.Build.0 = Debug|Any CPU
		{6BF926A4-4872-4FBB-B29A-FB79C33F37C8}.Release|Any CPU.ActiveCfg = Release|Any CPU
		{6BF926A4-4872-4FBB-B29A-FB79C33F37C8}.Release|Any CPU.Build.0 = Release|Any CPU
	EndGlobalSection
	GlobalSection(SolutionProperties) = preSolution
		HideSolutionNode = FALSE
	EndGlobalSection
	GlobalSection(ExtensibilityGlobals) = postSolution
		SolutionGuid = {11128266-A6F6-43BD-9C7C-B5634E913637}
	EndGlobalSection
EndGlobal
